
Microsoft Visual Studio Solution File, Format Version 12.00
# Visual Studio 15
VisualStudioVersion = 15.0.26730.16
MinimumVisualStudioVersion = 10.0.40219.1
Project("{FAE04EC0-301F-11D3-BF4B-00C04F79EFBC}") = "WebStoreApp", "WebStoreApp\WebStoreApp.csproj", "{81731910-6EA2-48AC-B027-C5C08FC04B5B}"
EndProject
Global
	GlobalSection(SolutionConfigurationPlatforms) = preSolution
		Debug|Any CPU = Debug|Any CPU
		Release|Any CPU = Release|Any CPU
	EndGlobalSection
	GlobalSection(ProjectConfigurationPlatforms) = postSolution
		{81731910-6EA2-48AC-B027-C5C08FC04B5B}.Debug|Any CPU.ActiveCfg = Debug|Any CPU
		{81731910-6EA2-48AC-B027-C5C08FC04B5B}.Debug|Any CPU.Build.0 = Debug|Any CPU
		{81731910-6EA2-48AC-B027-C5C08FC04B5B}.Release|Any CPU.ActiveCfg = Release|Any CPU
		{81731910-6EA2-48AC-B027-C5C08FC04B5B}.Release|Any CPU.Build.0 = Release|Any CPU
	EndGlobalSection
	GlobalSection(SolutionProperties) = preSolution
		HideSolutionNode = FALSE
	EndGlobalSection
	GlobalSection(ExtensibilityGlobals) = postSolution
		SolutionGuid = {19CBEF2A-67AD-4E14-B1C0-5DA1778DA5FC}
	EndGlobalSection
EndGlobal
